
Microsoft Visual Studio Solution File, Format Version 12.00
# Visual Studio Version 17
VisualStudioVersion = 17.14.36301.6 d17.14
MinimumVisualStudioVersion = 10.0.40219.1
Project("{FAE04EC0-301F-11D3-BF4B-00C04F79EFBC}") = "IceAndStone.Api", "IceAndStone.Api.csproj", "{F5B5F0E7-C639-E8DE-C836-89A8A0A8C6FA}"
EndProject
Global
	GlobalSection(SolutionConfigurationPlatforms) = preSolution
		Debug|Any CPU = Debug|Any CPU
		Release|Any CPU = Release|Any CPU
	EndGlobalSection
	GlobalSection(ProjectConfigurationPlatforms) = postSolution
		{F5B5F0E7-C639-E8DE-C836-89A8A0A8C6FA}.Debug|Any CPU.ActiveCfg = Debug|Any CPU
		{F5B5F0E7-C639-E8DE-C836-89A8A0A8C6FA}.Debug|Any CPU.Build.0 = Debug|Any CPU
		{F5B5F0E7-C639-E8DE-C836-89A8A0A8C6FA}.Release|Any CPU.ActiveCfg = Release|Any CPU
		{F5B5F0E7-C639-E8DE-C836-89A8A0A8C6FA}.Release|Any CPU.Build.0 = Release|Any CPU
	EndGlobalSection
	GlobalSection(SolutionProperties) = preSolution
		HideSolutionNode = FALSE
	EndGlobalSection
	GlobalSection(ExtensibilityGlobals) = postSolution
		SolutionGuid = {020D174E-2317-41DE-B2BD-16410AE630CC}
	EndGlobalSection
EndGlobal
